
Microsoft Visual Studio Solution File, Format Version 12.00
# Visual Studio Version 17
VisualStudioVersion = 17.5.002.0
MinimumVisualStudioVersion = 10.0.40219.1
Project("{9A19103F-16F7-4668-BE54-9A1E7A4F7556}") = "Library", "Library\Library.csproj", "{B0F4841F-845F-41BD-9603-CC85766F0070}"
EndProject
Project("{9A19103F-16F7-4668-BE54-9A1E7A4F7556}") = "Program", "Program\Program.csproj", "{F25D4441-004F-4E1A-BBB3-7E7F82D5AC3C}"
EndProject
Global
	GlobalSection(SolutionConfigurationPlatforms) = preSolution
		Debug|Any CPU = Debug|Any CPU
		Release|Any CPU = Release|Any CPU
	EndGlobalSection
	GlobalSection(ProjectConfigurationPlatforms) = postSolution
		{B0F4841F-845F-41BD-9603-CC85766F0070}.Debug|Any CPU.ActiveCfg = Debug|Any CPU
		{B0F4841F-845F-41BD-9603-CC85766F0070}.Debug|Any CPU.Build.0 = Debug|Any CPU
		{B0F4841F-845F-41BD-9603-CC85766F0070}.Release|Any CPU.ActiveCfg = Release|Any CPU
		{B0F4841F-845F-41BD-9603-CC85766F0070}.Release|Any CPU.Build.0 = Release|Any CPU
		{F25D4441-004F-4E1A-BBB3-7E7F82D5AC3C}.Debug|Any CPU.ActiveCfg = Debug|Any CPU
		{F25D4441-004F-4E1A-BBB3-7E7F82D5AC3C}.Debug|Any CPU.Build.0 = Debug|Any CPU
		{F25D4441-004F-4E1A-BBB3-7E7F82D5AC3C}.Release|Any CPU.ActiveCfg = Release|Any CPU
		{F25D4441-004F-4E1A-BBB3-7E7F82D5AC3C}.Release|Any CPU.Build.0 = Release|Any CPU
	EndGlobalSection
	GlobalSection(SolutionProperties) = preSolution
		HideSolutionNode = FALSE
	EndGlobalSection
	GlobalSection(ExtensibilityGlobals) = postSolution
		SolutionGuid = {9FDC6538-9A93-46A3-BC34-43AD40BFBACC}
	EndGlobalSection
EndGlobal
